PODS:
  - Flutter (1.0.0)
  - flutter_prince_of_versions (1.0.4):
    - Flutter
    - PrinceOfVersions
  - PrinceOfVersions (4.0.0)

DEPENDENCIES:
  - Flutter (from `Flutter`)
  - flutter_prince_of_versions (from `.symlinks/plugins/flutter_prince_of_versions/ios`)

SPEC REPOS:
  trunk:
    - PrinceOfVersions

EXTERNAL SOURCES:
  Flutter:
    :path: Flutter
  flutter_prince_of_versions:
    :path: ".symlinks/plugins/flutter_prince_of_versions/ios"

SPEC CHECKSUMS:
  Flutter: 434fef37c0980e73bb6479ef766c45957d4b510c
  flutter_prince_of_versions: 7807c81ff0cb70844e732d8971e068b222ee757e
  PrinceOfVersions: 1e3803a8697c9a1af6b3d775394d65e2a8f83312

PODFILE CHECKSUM: 21b64fbb12492d731c9be90cbe0f2d328bef4b49

COCOAPODS: 1.10.1
