PODS:
  - Flutter (1.0.0)
  - flutter_prince_of_versions (0.0.1):
    - Flutter

DEPENDENCIES:
  - Flutter (from `Flutter`)
  - flutter_prince_of_versions (from `.symlinks/plugins/flutter_prince_of_versions/ios`)

EXTERNAL SOURCES:
  Flutter:
    :path: Flutter
  flutter_prince_of_versions:
    :path: ".symlinks/plugins/flutter_prince_of_versions/ios"

SPEC CHECKSUMS:
  Flutter: 0e3d915762c693b495b44d77113d4970485de6ec
  flutter_prince_of_versions: 71b317239a9e008a50dba631286e9066eeaf5ee4

PODFILE CHECKSUM: aafe91acc616949ddb318b77800a7f51bffa2a4c

COCOAPODS: 1.10.0
